
Microsoft Visual Studio Solution File, Format Version 12.00
# Visual Studio Version 16
VisualStudioVersion = 16.0.30114.105
MinimumVisualStudioVersion = 10.0.40219.1
Project("{FAE04EC0-301F-11D3-BF4B-00C04F79EFBC}") = "Lab1", "Lab1\Lab1.csproj", "{CA478C6F-B28E-4357-BB52-2D664E43DDE1}"
EndProject
Global
	GlobalSection(SolutionConfigurationPlatforms) = preSolution
		Debug|Any CPU = Debug|Any CPU
		Release|Any CPU = Release|Any CPU
	EndGlobalSection
	GlobalSection(ProjectConfigurationPlatforms) = postSolution
		{CA478C6F-B28E-4357-BB52-2D664E43DDE1}.Debug|Any CPU.ActiveCfg = Debug|Any CPU
		{CA478C6F-B28E-4357-BB52-2D664E43DDE1}.Debug|Any CPU.Build.0 = Debug|Any CPU
		{CA478C6F-B28E-4357-BB52-2D664E43DDE1}.Release|Any CPU.ActiveCfg = Release|Any CPU
		{CA478C6F-B28E-4357-BB52-2D664E43DDE1}.Release|Any CPU.Build.0 = Release|Any CPU
	EndGlobalSection
	GlobalSection(SolutionProperties) = preSolution
		HideSolutionNode = FALSE
	EndGlobalSection
	GlobalSection(ExtensibilityGlobals) = postSolution
		SolutionGuid = {ADAF5894-3E0F-4103-A2DD-E5C5B278F889}
	EndGlobalSection
EndGlobal
